
Microsoft Visual Studio Solution File, Format Version 12.00
# Visual Studio 15
VisualStudioVersion = 15.0.28307.329
MinimumVisualStudioVersion = 10.0.40219.1
Project("{FAE04EC0-301F-11D3-BF4B-00C04F79EFBC}") = "Major_Project", "LoginForm\Major_Project.csproj", "{3AF04E07-00EE-4901-B9A0-42E46743583F}"
EndProject
Global
	GlobalSection(SolutionConfigurationPlatforms) = preSolution
		Debug|Any CPU = Debug|Any CPU
		Release|Any CPU = Release|Any CPU
	EndGlobalSection
	GlobalSection(ProjectConfigurationPlatforms) = postSolution
		{3AF04E07-00EE-4901-B9A0-42E46743583F}.Debug|Any CPU.ActiveCfg = Debug|Any CPU
		{3AF04E07-00EE-4901-B9A0-42E46743583F}.Debug|Any CPU.Build.0 = Debug|Any CPU
		{3AF04E07-00EE-4901-B9A0-42E46743583F}.Release|Any CPU.ActiveCfg = Release|Any CPU
		{3AF04E07-00EE-4901-B9A0-42E46743583F}.Release|Any CPU.Build.0 = Release|Any CPU
	EndGlobalSection
	GlobalSection(SolutionProperties) = preSolution
		HideSolutionNode = FALSE
	EndGlobalSection
	GlobalSection(ExtensibilityGlobals) = postSolution
		SolutionGuid = {413614E7-1843-4295-8A2E-B29CCA5B1E01}
	EndGlobalSection
EndGlobal
